
Microsoft Visual Studio Solution File, Format Version 12.00
# Visual Studio Version 16
VisualStudioVersion = 16.0.31911.196
MinimumVisualStudioVersion = 10.0.40219.1
Project("{FAE04EC0-301F-11D3-BF4B-00C04F79EFBC}") = "CepteSef", "CepteSef\CepteSef.csproj", "{575B9B3A-65CA-4BDC-975E-348E4FAFD1B9}"
EndProject
Global
	GlobalSection(SolutionConfigurationPlatforms) = preSolution
		Debug|Any CPU = Debug|Any CPU
		Release|Any CPU = Release|Any CPU
	EndGlobalSection
	GlobalSection(ProjectConfigurationPlatforms) = postSolution
		{575B9B3A-65CA-4BDC-975E-348E4FAFD1B9}.Debug|Any CPU.ActiveCfg = Debug|Any CPU
		{575B9B3A-65CA-4BDC-975E-348E4FAFD1B9}.Debug|Any CPU.Build.0 = Debug|Any CPU
		{575B9B3A-65CA-4BDC-975E-348E4FAFD1B9}.Release|Any CPU.ActiveCfg = Release|Any CPU
		{575B9B3A-65CA-4BDC-975E-348E4FAFD1B9}.Release|Any CPU.Build.0 = Release|Any CPU
	EndGlobalSection
	GlobalSection(SolutionProperties) = preSolution
		HideSolutionNode = FALSE
	EndGlobalSection
	GlobalSection(ExtensibilityGlobals) = postSolution
		SolutionGuid = {8CD30C12-8062-4614-AE23-0659E0EEEE08}
	EndGlobalSection
EndGlobal
